// !$*UTF8*$!
{
	archiveVersion = 1;
	classes = {
	};
	objectVersion = 56;
	objects = {

/* Begin PBXBuildFile section */
		C77F03942AE6BDB2001CA45C /* GroceriesApp.swift in Sources */ = {isa = PBXBuildFile; fileRef = C77F03932AE6BDB2001CA45C /* GroceriesApp.swift */; };
		C77F03982AE6BDB4001CA45C /* Assets.xcassets in Resources */ = {isa = PBXBuildFile; fileRef = C77F03972AE6BDB4001CA45C /* Assets.xcassets */; };
		C77F039B2AE6BDB4001CA45C /* Preview Assets.xcassets in Resources */ = {isa = PBXBuildFile; fileRef = C77F039A2AE6BDB4001CA45C /* Preview Assets.xcassets */; };
		C77F03A52AE6BDB5001CA45C /* GroceriesTests.swift in Sources */ = {isa = PBXBuildFile; fileRef = C77F03A42AE6BDB5001CA45C /* GroceriesTests.swift */; };
		C77F03AF2AE6BDB5001CA45C /* GroceriesUITests.swift in Sources */ = {isa = PBXBuildFile; fileRef = C77F03AE2AE6BDB5001CA45C /* GroceriesUITests.swift */; };
		C77F03B12AE6BDB5001CA45C /* GroceriesUITestsLaunchTests.swift in Sources */ = {isa = PBXBuildFile; fileRef = C77F03B02AE6BDB5001CA45C /* GroceriesUITestsLaunchTests.swift */; };
		C77F03C22AE6C13D001CA45C /* Gilroy-SemiBold.ttf in Resources */ = {isa = PBXBuildFile; fileRef = C77F03BE2AE6C13D001CA45C /* Gilroy-SemiBold.ttf */; };
		C77F03C32AE6C13D001CA45C /* Gilroy-Regular.ttf in Resources */ = {isa = PBXBuildFile; fileRef = C77F03BF2AE6C13D001CA45C /* Gilroy-Regular.ttf */; };
		C77F03C42AE6C13D001CA45C /* Gilroy-Medium.ttf in Resources */ = {isa = PBXBuildFile; fileRef = C77F03C02AE6C13D001CA45C /* Gilroy-Medium.ttf */; };
		C77F03C52AE6C13D001CA45C /* Gilroy-Bold.ttf in Resources */ = {isa = PBXBuildFile; fileRef = C77F03C12AE6C13D001CA45C /* Gilroy-Bold.ttf */; };
		C77F03CE2AE6C322001CA45C /* WelcomeView.swift in Sources */ = {isa = PBXBuildFile; fileRef = C77F03CD2AE6C322001CA45C /* WelcomeView.swift */; };
		C77F03D02AE6C370001CA45C /* Launch Screen.storyboard in Resources */ = {isa = PBXBuildFile; fileRef = C77F03CF2AE6C370001CA45C /* Launch Screen.storyboard */; };
		C77F03D22AE6C5B6001CA45C /* UIExtension.swift in Sources */ = {isa = PBXBuildFile; fileRef = C77F03D12AE6C5B6001CA45C /* UIExtension.swift */; };
		C77F03D42AE6CCB4001CA45C /* RoundButton.swift in Sources */ = {isa = PBXBuildFile; fileRef = C77F03D32AE6CCB4001CA45C /* RoundButton.swift */; };
		C77F03D62AE6CDFC001CA45C /* SigninView.swift in Sources */ = {isa = PBXBuildFile; fileRef = C77F03D52AE6CDFC001CA45C /* SigninView.swift */; };
		C77F03D92AE6D572001CA45C /* CountryPicker in Frameworks */ = {isa = PBXBuildFile; productRef = C77F03D82AE6D572001CA45C /* CountryPicker */; };
		C77F03DB2AE6D5A0001CA45C /* CountryPickerUI.swift in Sources */ = {isa = PBXBuildFile; fileRef = C77F03DA2AE6D5A0001CA45C /* CountryPickerUI.swift */; };
/* End PBXBuildFile section */

/* Begin PBXContainerItemProxy section */
		C77F03A12AE6BDB5001CA45C /* PBXContainerItemProxy */ = {
			isa = PBXContainerItemProxy;
			containerPortal = C77F03882AE6BDB2001CA45C /* Project object */;
			proxyType = 1;
			remoteGlobalIDString = C77F038F2AE6BDB2001CA45C;
			remoteInfo = Groceries;
		};
		C77F03AB2AE6BDB5001CA45C /* PBXContainerItemProxy */ = {
			isa = PBXContainerItemProxy;
			containerPortal = C77F03882AE6BDB2001CA45C /* Project object */;
			proxyType = 1;
			remoteGlobalIDString = C77F038F2AE6BDB2001CA45C;
			remoteInfo = Groceries;
		};
/* End PBXContainerItemProxy section */

/* Begin PBXFileReference section */
		C77F03902AE6BDB2001CA45C /* Groceries.app */ = {isa = PBXFileReference; explicitFileType = wrapper.application; includeInIndex = 0; path = Groceries.app; sourceTree = BUILT_PRODUCTS_DIR; };
		C77F03932AE6BDB2001CA45C /* GroceriesApp.swift */ = {isa = PBXFileReference; lastKnownFileType = sourcecode.swift; path = GroceriesApp.swift; sourceTree = "<group>"; };
		C77F03972AE6BDB4001CA45C /* Assets.xcassets */ = {isa = PBXFileReference; lastKnownFileType = folder.assetcatalog; path = Assets.xcassets; sourceTree = "<group>"; };
		C77F039A2AE6BDB4001CA45C /* Preview Assets.xcassets */ = {isa = PBXFileReference; lastKnownFileType = folder.assetcatalog; path = "Preview Assets.xcassets"; sourceTree = "<group>"; };
		C77F03A02AE6BDB5001CA45C /* GroceriesTests.xctest */ = {isa = PBXFileReference; explicitFileType = wrapper.cfbundle; includeInIndex = 0; path = GroceriesTests.xctest; sourceTree = BUILT_PRODUCTS_DIR; };
		C77F03A42AE6BDB5001CA45C /* GroceriesTests.swift */ = {isa = PBXFileReference; lastKnownFileType = sourcecode.swift; path = GroceriesTests.swift; sourceTree = "<group>"; };
		C77F03AA2AE6BDB5001CA45C /* GroceriesUITests.xctest */ = {isa = PBXFileReference; explicitFileType = wrapper.cfbundle; includeInIndex = 0; path = GroceriesUITests.xctest; sourceTree = BUILT_PRODUCTS_DIR; };
		C77F03AE2AE6BDB5001CA45C /* GroceriesUITests.swift */ = {isa = PBXFileReference; lastKnownFileType = sourcecode.swift; path = GroceriesUITests.swift; sourceTree = "<group>"; };
		C77F03B02AE6BDB5001CA45C /* GroceriesUITestsLaunchTests.swift */ = {isa = PBXFileReference; lastKnownFileType = sourcecode.swift; path = GroceriesUITestsLaunchTests.swift; sourceTree = "<group>"; };
		C77F03BE2AE6C13D001CA45C /* Gilroy-SemiBold.ttf */ = {isa = PBXFileReference; lastKnownFileType = file; path = "Gilroy-SemiBold.ttf"; sourceTree = "<group>"; };
		C77F03BF2AE6C13D001CA45C /* Gilroy-Regular.ttf */ = {isa = PBXFileReference; lastKnownFileType = file; path = "Gilroy-Regular.ttf"; sourceTree = "<group>"; };
		C77F03C02AE6C13D001CA45C /* Gilroy-Medium.ttf */ = {isa = PBXFileReference; lastKnownFileType = file; path = "Gilroy-Medium.ttf"; sourceTree = "<group>"; };
		C77F03C12AE6C13D001CA45C /* Gilroy-Bold.ttf */ = {isa = PBXFileReference; lastKnownFileType = file; path = "Gilroy-Bold.ttf"; sourceTree = "<group>"; };
		C77F03C62AE6C20D001CA45C /* Info.plist */ = {isa = PBXFileReference; lastKnownFileType = text.plist; path = Info.plist; sourceTree = "<group>"; };
		C77F03CD2AE6C322001CA45C /* WelcomeView.swift */ = {isa = PBXFileReference; lastKnownFileType = sourcecode.swift; path = WelcomeView.swift; sourceTree = "<group>"; };
		C77F03CF2AE6C370001CA45C /* Launch Screen.storyboard */ = {isa = PBXFileReference; lastKnownFileType = file.storyboard; path = "Launch Screen.storyboard"; sourceTree = "<group>"; };
		C77F03D12AE6C5B6001CA45C /* UIExtension.swift */ = {isa = PBXFileReference; lastKnownFileType = sourcecode.swift; path = UIExtension.swift; sourceTree = "<group>"; };
		C77F03D32AE6CCB4001CA45C /* RoundButton.swift */ = {isa = PBXFileReference; lastKnownFileType = sourcecode.swift; path = RoundButton.swift; sourceTree = "<group>"; };
		C77F03D52AE6CDFC001CA45C /* SigninView.swift */ = {isa = PBXFileReference; lastKnownFileType = sourcecode.swift; path = SigninView.swift; sourceTree = "<group>"; };
		C77F03DA2AE6D5A0001CA45C /* CountryPickerUI.swift */ = {isa = PBXFileReference; lastKnownFileType = sourcecode.swift; path = CountryPickerUI.swift; sourceTree = "<group>"; };
/* End PBXFileReference section */

/* Begin PBXFrameworksBuildPhase section */
		C77F038D2AE6BDB2001CA45C /* Frameworks */ = {
			isa = PBXFrameworksBuildPhase;
			buildActionMask = 2147483647;
			files = (
				C77F03D92AE6D572001CA45C /* CountryPicker in Frameworks */,
			);
			runOnlyForDeploymentPostprocessing = 0;
		};
		C77F039D2AE6BDB5001CA45C /* Frameworks */ = {
			isa = PBXFrameworksBuildPhase;
			buildActionMask = 2147483647;
			files = (
			);
			runOnlyForDeploymentPostprocessing = 0;
		};
		C77F03A72AE6BDB5001CA45C /* Frameworks */ = {
			isa = PBXFrameworksBuildPhase;
			buildActionMask = 2147483647;
			files = (
			);
			runOnlyForDeploymentPostprocessing = 0;
		};
/* End PBXFrameworksBuildPhase section */

/* Begin PBXGroup section */
		C77F03872AE6BDB2001CA45C = {
			isa = PBXGroup;
			children = (
				C77F03922AE6BDB2001CA45C /* Groceries */,
				C77F03A32AE6BDB5001CA45C /* GroceriesTests */,
				C77F03AD2AE6BDB5001CA45C /* GroceriesUITests */,
				C77F03912AE6BDB2001CA45C /* Products */,
			);
			sourceTree = "<group>";
		};
		C77F03912AE6BDB2001CA45C /* Products */ = {
			isa = PBXGroup;
			children = (
				C77F03902AE6BDB2001CA45C /* Groceries.app */,
				C77F03A02AE6BDB5001CA45C /* GroceriesTests.xctest */,
				C77F03AA2AE6BDB5001CA45C /* GroceriesUITests.xctest */,
			);
			name = Products;
			sourceTree = "<group>";
		};
		C77F03922AE6BDB2001CA45C /* Groceries */ = {
			isa = PBXGroup;
			children = (
				C77F03CA2AE6C2E1001CA45C /* UICommon */,
				C77F03C92AE6C2C2001CA45C /* ViewModel */,
				C77F03C62AE6C20D001CA45C /* Info.plist */,
				C77F03C82AE6C2B6001CA45C /* Model */,
				C77F03C72AE6C2AF001CA45C /* View */,
				C77F03BD2AE6C07F001CA45C /* Font */,
				C77F03932AE6BDB2001CA45C /* GroceriesApp.swift */,
				C77F03972AE6BDB4001CA45C /* Assets.xcassets */,
				C77F03992AE6BDB4001CA45C /* Preview Content */,
				C77F03CF2AE6C370001CA45C /* Launch Screen.storyboard */,
			);
			path = Groceries;
			sourceTree = "<group>";
		};
		C77F03992AE6BDB4001CA45C /* Preview Content */ = {
			isa = PBXGroup;
			children = (
				C77F039A2AE6BDB4001CA45C /* Preview Assets.xcassets */,
			);
			path = "Preview Content";
			sourceTree = "<group>";
		};
		C77F03A32AE6BDB5001CA45C /* GroceriesTests */ = {
			isa = PBXGroup;
			children = (
				C77F03A42AE6BDB5001CA45C /* GroceriesTests.swift */,
			);
			path = GroceriesTests;
			sourceTree = "<group>";
		};
		C77F03AD2AE6BDB5001CA45C /* GroceriesUITests */ = {
			isa = PBXGroup;
			children = (
				C77F03AE2AE6BDB5001CA45C /* GroceriesUITests.swift */,
				C77F03B02AE6BDB5001CA45C /* GroceriesUITestsLaunchTests.swift */,
			);
			path = GroceriesUITests;
			sourceTree = "<group>";
		};
		C77F03BD2AE6C07F001CA45C /* Font */ = {
			isa = PBXGroup;
			children = (
				C77F03C12AE6C13D001CA45C /* Gilroy-Bold.ttf */,
				C77F03C02AE6C13D001CA45C /* Gilroy-Medium.ttf */,
				C77F03BF2AE6C13D001CA45C /* Gilroy-Regular.ttf */,
				C77F03BE2AE6C13D001CA45C /* Gilroy-SemiBold.ttf */,
			);
			path = Font;
			sourceTree = "<group>";
		};
		C77F03C72AE6C2AF001CA45C /* View */ = {
			isa = PBXGroup;
			children = (
				C77F03CC2AE6C312001CA45C /* Login */,
			);
			path = View;
			sourceTree = "<group>";
		};
		C77F03C82AE6C2B6001CA45C /* Model */ = {
			isa = PBXGroup;
			children = (
			);
			path = Model;
			sourceTree = "<group>";
		};
		C77F03C92AE6C2C2001CA45C /* ViewModel */ = {
			isa = PBXGroup;
			children = (
			);
			path = ViewModel;
			sourceTree = "<group>";
		};
		C77F03CA2AE6C2E1001CA45C /* UICommon */ = {
			isa = PBXGroup;
			children = (
				C77F03D12AE6C5B6001CA45C /* UIExtension.swift */,
				C77F03D32AE6CCB4001CA45C /* RoundButton.swift */,
				C77F03DA2AE6D5A0001CA45C /* CountryPickerUI.swift */,
			);
			path = UICommon;
			sourceTree = "<group>";
		};
		C77F03CC2AE6C312001CA45C /* Login */ = {
			isa = PBXGroup;
			children = (
				C77F03CD2AE6C322001CA45C /* WelcomeView.swift */,
				C77F03D52AE6CDFC001CA45C /* SigninView.swift */,
			);
			path = Login;
			sourceTree = "<group>";
		};
/* End PBXGroup section */

/* Begin PBXNativeTarget section */
		C77F038F2AE6BDB2001CA45C /* Groceries */ = {
			isa = PBXNativeTarget;
			buildConfigurationList = C77F03B42AE6BDB5001CA45C /* Build configuration list for PBXNativeTarget "Groceries" */;
			buildPhases = (
				C77F038C2AE6BDB2001CA45C /* Sources */,
				C77F038D2AE6BDB2001CA45C /* Frameworks */,
				C77F038E2AE6BDB2001CA45C /* Resources */,
			);
			buildRules = (
			);
			dependencies = (
			);
			name = Groceries;
			packageProductDependencies = (
				C77F03D82AE6D572001CA45C /* CountryPicker */,
			);
			productName = Groceries;
			productReference = C77F03902AE6BDB2001CA45C /* Groceries.app */;
			productType = "com.apple.product-type.application";
		};
		C77F039F2AE6BDB5001CA45C /* GroceriesTests */ = {
			isa = PBXNativeTarget;
			buildConfigurationList = C77F03B72AE6BDB5001CA45C /* Build configuration list for PBXNativeTarget "GroceriesTests" */;
			buildPhases = (
				C77F039C2AE6BDB5001CA45C /* Sources */,
				C77F039D2AE6BDB5001CA45C /* Frameworks */,
				C77F039E2AE6BDB5001CA45C /* Resources */,
			);
			buildRules = (
			);
			dependencies = (
				C77F03A22AE6BDB5001CA45C /* PBXTargetDependency */,
			);
			name = GroceriesTests;
			productName = GroceriesTests;
			productReference = C77F03A02AE6BDB5001CA45C /* GroceriesTests.xctest */;
			productType = "com.apple.product-type.bundle.unit-test";
		};
		C77F03A92AE6BDB5001CA45C /* GroceriesUITests */ = {
			isa = PBXNativeTarget;
			buildConfigurationList = C77F03BA2AE6BDB5001CA45C /* Build configuration list for PBXNativeTarget "GroceriesUITests" */;
			buildPhases = (
				C77F03A62AE6BDB5001CA45C /* Sources */,
				C77F03A72AE6BDB5001CA45C /* Frameworks */,
				C77F03A82AE6BDB5001CA45C /* Resources */,
			);
			buildRules = (
			);
			dependencies = (
				C77F03AC2AE6BDB5001CA45C /* PBXTargetDependency */,
			);
			name = GroceriesUITests;
			productName = GroceriesUITests;
			productReference = C77F03AA2AE6BDB5001CA45C /* GroceriesUITests.xctest */;
			productType = "com.apple.product-type.bundle.ui-testing";
		};
/* End PBXNativeTarget section */

/* Begin PBXProject section */
		C77F03882AE6BDB2001CA45C /* Project object */ = {
			isa = PBXProject;
			attributes = {
				BuildIndependentTargetsInParallel = 1;
				LastSwiftUpdateCheck = 1500;
				LastUpgradeCheck = 1500;
				TargetAttributes = {
					C77F038F2AE6BDB2001CA45C = {
						CreatedOnToolsVersion = 15.0;
					};
					C77F039F2AE6BDB5001CA45C = {
						CreatedOnToolsVersion = 15.0;
						TestTargetID = C77F038F2AE6BDB2001CA45C;
					};
					C77F03A92AE6BDB5001CA45C = {
						CreatedOnToolsVersion = 15.0;
						TestTargetID = C77F038F2AE6BDB2001CA45C;
					};
				};
			};
			buildConfigurationList = C77F038B2AE6BDB2001CA45C /* Build configuration list for PBXProject "Groceries" */;
			compatibilityVersion = "Xcode 14.0";
			developmentRegion = en;
			hasScannedForEncodings = 0;
			knownRegions = (
				en,
				Base,
			);
			mainGroup = C77F03872AE6BDB2001CA45C;
			packageReferences = (
				C77F03D72AE6D572001CA45C /* XCRemoteSwiftPackageReference "CountryPicker" */,
			);
			productRefGroup = C77F03912AE6BDB2001CA45C /* Products */;
			projectDirPath = "";
			projectRoot = "";
			targets = (
				C77F038F2AE6BDB2001CA45C /* Groceries */,
				C77F039F2AE6BDB5001CA45C /* GroceriesTests */,
				C77F03A92AE6BDB5001CA45C /* GroceriesUITests */,
			);
		};
/* End PBXProject section */

/* Begin PBXResourcesBuildPhase section */
		C77F038E2AE6BDB2001CA45C /* Resources */ = {
			isa = PBXResourcesBuildPhase;
			buildActionMask = 2147483647;
			files = (
				C77F039B2AE6BDB4001CA45C /* Preview Assets.xcassets in Resources */,
				C77F03C22AE6C13D001CA45C /* Gilroy-SemiBold.ttf in Resources */,
				C77F03C42AE6C13D001CA45C /* Gilroy-Medium.ttf in Resources */,
				C77F03C52AE6C13D001CA45C /* Gilroy-Bold.ttf in Resources */,
				C77F03982AE6BDB4001CA45C /* Assets.xcassets in Resources */,
				C77F03C32AE6C13D001CA45C /* Gilroy-Regular.ttf in Resources */,
				C77F03D02AE6C370001CA45C /* Launch Screen.storyboard in Resources */,
			);
			runOnlyForDeploymentPostprocessing = 0;
		};
		C77F039E2AE6BDB5001CA45C /* Resources */ = {
			isa = PBXResourcesBuildPhase;
			buildActionMask = 2147483647;
			files = (
			);
			runOnlyForDeploymentPostprocessing = 0;
		};
		C77F03A82AE6BDB5001CA45C /* Resources */ = {
			isa = PBXResourcesBuildPhase;
			buildActionMask = 2147483647;
			files = (
			);
			runOnlyForDeploymentPostprocessing = 0;
		};
/* End PBXResourcesBuildPhase section */

/* Begin PBXSourcesBuildPhase section */
		C77F038C2AE6BDB2001CA45C /* Sources */ = {
			isa = PBXSourcesBuildPhase;
			buildActionMask = 2147483647;
			files = (
				C77F03DB2AE6D5A0001CA45C /* CountryPickerUI.swift in Sources */,
				C77F03D42AE6CCB4001CA45C /* RoundButton.swift in Sources */,
				C77F03942AE6BDB2001CA45C /* GroceriesApp.swift in Sources */,
				C77F03D62AE6CDFC001CA45C /* SigninView.swift in Sources */,
				C77F03D22AE6C5B6001CA45C /* UIExtension.swift in Sources */,
				C77F03CE2AE6C322001CA45C /* WelcomeView.swift in Sources */,
			);
			runOnlyForDeploymentPostprocessing = 0;
		};
		C77F039C2AE6BDB5001CA45C /* Sources */ = {
			isa = PBXSourcesBuildPhase;
			buildActionMask = 2147483647;
			files = (
				C77F03A52AE6BDB5001CA45C /* GroceriesTests.swift in Sources */,
			);
			runOnlyForDeploymentPostprocessing = 0;
		};
		C77F03A62AE6BDB5001CA45C /* Sources */ = {
			isa = PBXSourcesBuildPhase;
			buildActionMask = 2147483647;
			files = (
				C77F03B12AE6BDB5001CA45C /* GroceriesUITestsLaunchTests.swift in Sources */,
				C77F03AF2AE6BDB5001CA45C /* GroceriesUITests.swift in Sources */,
			);
			runOnlyForDeploymentPostprocessing = 0;
		};
/* End PBXSourcesBuildPhase section */

/* Begin PBXTargetDependency section */
		C77F03A22AE6BDB5001CA45C /* PBXTargetDependency */ = {
			isa = PBXTargetDependency;
			target = C77F038F2AE6BDB2001CA45C /* Groceries */;
			targetProxy = C77F03A12AE6BDB5001CA45C /* PBXContainerItemProxy */;
		};
		C77F03AC2AE6BDB5001CA45C /* PBXTargetDependency */ = {
			isa = PBXTargetDependency;
			target = C77F038F2AE6BDB2001CA45C /* Groceries */;
			targetProxy = C77F03AB2AE6BDB5001CA45C /* PBXContainerItemProxy */;
		};
/* End PBXTargetDependency section */

/* Begin XCBuildConfiguration section */
		C77F03B22AE6BDB5001CA45C /* Debug */ = {
			isa = XCBuildConfiguration;
			buildSettings = {
				ALWAYS_SEARCH_USER_PATHS = NO;
				ASSETCATALOG_COMPILER_GENERATE_SWIFT_ASSET_SYMBOL_EXTENSIONS = YES;
				CLANG_ANALYZER_NONNULL = YES;
				CLANG_ANALYZER_NUMBER_OBJECT_CONVERSION = YES_AGGRESSIVE;
				CLANG_CXX_LANGUAGE_STANDARD = "gnu++20";
				CLANG_ENABLE_MODULES = YES;
				CLANG_ENABLE_OBJC_ARC = YES;
				CLANG_ENABLE_OBJC_WEAK = YES;
				CLANG_WARN_BLOCK_CAPTURE_AUTORELEASING = YES;
				CLANG_WARN_BOOL_CONVERSION = YES;
				CLANG_WARN_COMMA = YES;
				CLANG_WARN_CONSTANT_CONVERSION = YES;
				CLANG_WARN_DEPRECATED_OBJC_IMPLEMENTATIONS = YES;
				CLANG_WARN_DIRECT_OBJC_ISA_USAGE = YES_ERROR;
				CLANG_WARN_DOCUMENTATION_COMMENTS = YES;
				CLANG_WARN_EMPTY_BODY = YES;
				CLANG_WARN_ENUM_CONVERSION = YES;
				CLANG_WARN_INFINITE_RECURSION = YES;
				CLANG_WARN_INT_CONVERSION = YES;
				CLANG_WARN_NON_LITERAL_NULL_CONVERSION = YES;
				CLANG_WARN_OBJC_IMPLICIT_RETAIN_SELF = YES;
				CLANG_WARN_OBJC_LITERAL_CONVERSION = YES;
				CLANG_WARN_OBJC_ROOT_CLASS = YES_ERROR;
				CLANG_WARN_QUOTED_INCLUDE_IN_FRAMEWORK_HEADER = YES;
				CLANG_WARN_RANGE_LOOP_ANALYSIS = YES;
				CLANG_WARN_STRICT_PROTOTYPES = YES;
				CLANG_WARN_SUSPICIOUS_MOVE = YES;
				CLANG_WARN_UNGUARDED_AVAILABILITY = YES_AGGRESSIVE;
				CLANG_WARN_UNREACHABLE_CODE = YES;
				CLANG_WARN__DUPLICATE_METHOD_MATCH = YES;
				COPY_PHASE_STRIP = NO;
				DEBUG_INFORMATION_FORMAT = dwarf;
				ENABLE_STRICT_OBJC_MSGSEND = YES;
				ENABLE_TESTABILITY = YES;
				ENABLE_USER_SCRIPT_SANDBOXING = YES;
				GCC_C_LANGUAGE_STANDARD = gnu17;
				GCC_DYNAMIC_NO_PIC = NO;
				GCC_NO_COMMON_BLOCKS = YES;
				GCC_OPTIMIZATION_LEVEL = 0;
				GCC_PREPROCESSOR_DEFINITIONS = (
					"DEBUG=1",
					"$(inherited)",
				);
				GCC_WARN_64_TO_32_BIT_CONVERSION = YES;
				GCC_WARN_ABOUT_RETURN_TYPE = YES_ERROR;
				GCC_WARN_UNDECLARED_SELECTOR = YES;
				GCC_WARN_UNINITIALIZED_AUTOS = YES_AGGRESSIVE;
				GCC_WARN_UNUSED_FUNCTION = YES;
				GCC_WARN_UNUSED_VARIABLE = YES;
				IPHONEOS_DEPLOYMENT_TARGET = 17.0;
				LOCALIZATION_PREFERS_STRING_CATALOGS = YES;
				MTL_ENABLE_DEBUG_INFO = INCLUDE_SOURCE;
				MTL_FAST_MATH = YES;
				ONLY_ACTIVE_ARCH = YES;
				SDKROOT = iphoneos;
				SWIFT_ACTIVE_COMPILATION_CONDITIONS = "DEBUG $(inherited)";
				SWIFT_OPTIMIZATION_LEVEL = "-Onone";
			};
			name = Debug;
		};
		C77F03B32AE6BDB5001CA45C /* Release */ = {
			isa = XCBuildConfiguration;
			buildSettings = {
				ALWAYS_SEARCH_USER_PATHS = NO;
				ASSETCATALOG_COMPILER_GENERATE_SWIFT_ASSET_SYMBOL_EXTENSIONS = YES;
				CLANG_ANALYZER_NONNULL = YES;
				CLANG_ANALYZER_NUMBER_OBJECT_CONVERSION = YES_AGGRESSIVE;
				CLANG_CXX_LANGUAGE_STANDARD = "gnu++20";
				CLANG_ENABLE_MODULES = YES;
				CLANG_ENABLE_OBJC_ARC = YES;
				CLANG_ENABLE_OBJC_WEAK = YES;
				CLANG_WARN_BLOCK_CAPTURE_AUTORELEASING = YES;
				CLANG_WARN_BOOL_CONVERSION = YES;
				CLANG_WARN_COMMA = YES;
				CLANG_WARN_CONSTANT_CONVERSION = YES;
				CLANG_WARN_DEPRECATED_OBJC_IMPLEMENTATIONS = YES;
				CLANG_WARN_DIRECT_OBJC_ISA_USAGE = YES_ERROR;
				CLANG_WARN_DOCUMENTATION_COMMENTS = YES;
				CLANG_WARN_EMPTY_BODY = YES;
				CLANG_WARN_ENUM_CONVERSION = YES;
				CLANG_WARN_INFINITE_RECURSION = YES;
				CLANG_WARN_INT_CONVERSION = YES;
				CLANG_WARN_NON_LITERAL_NULL_CONVERSION = YES;
				CLANG_WARN_OBJC_IMPLICIT_RETAIN_SELF = YES;
				CLANG_WARN_OBJC_LITERAL_CONVERSION = YES;
				CLANG_WARN_OBJC_ROOT_CLASS = YES_ERROR;
				CLANG_WARN_QUOTED_INCLUDE_IN_FRAMEWORK_HEADER = YES;
				CLANG_WARN_RANGE_LOOP_ANALYSIS = YES;
				CLANG_WARN_STRICT_PROTOTYPES = YES;
				CLANG_WARN_SUSPICIOUS_MOVE = YES;
				CLANG_WARN_UNGUARDED_AVAILABILITY = YES_AGGRESSIVE;
				CLANG_WARN_UNREACHABLE_CODE = YES;
				CLANG_WARN__DUPLICATE_METHOD_MATCH = YES;
				COPY_PHASE_STRIP = NO;
				DEBUG_INFORMATION_FORMAT = "dwarf-with-dsym";
				ENABLE_NS_ASSERTIONS = NO;
				ENABLE_STRICT_OBJC_MSGSEND = YES;
				ENABLE_USER_SCRIPT_SANDBOXING = YES;
				GCC_C_LANGUAGE_STANDARD = gnu17;
				GCC_NO_COMMON_BLOCKS = YES;
				GCC_WARN_64_TO_32_BIT_CONVERSION = YES;
				GCC_WARN_ABOUT_RETURN_TYPE = YES_ERROR;
				GCC_WARN_UNDECLARED_SELECTOR = YES;
				GCC_WARN_UNINITIALIZED_AUTOS = YES_AGGRESSIVE;
				GCC_WARN_UNUSED_FUNCTION = YES;
				GCC_WARN_UNUSED_VARIABLE = YES;
				IPHONEOS_DEPLOYMENT_TARGET = 17.0;
				LOCALIZATION_PREFERS_STRING_CATALOGS = YES;
				MTL_ENABLE_DEBUG_INFO = NO;
				MTL_FAST_MATH = YES;
				SDKROOT = iphoneos;
				SWIFT_COMPILATION_MODE = wholemodule;
				VALIDATE_PRODUCT = YES;
			};
			name = Release;
		};
		C77F03B52AE6BDB5001CA45C /* Debug */ = {
			isa = XCBuildConfiguration;
			buildSettings = {
				ASSETCATALOG_COMPILER_APPICON_NAME = AppIcon;
				ASSETCATALOG_COMPILER_GLOBAL_ACCENT_COLOR_NAME = AccentColor;
				CODE_SIGN_STYLE = Automatic;
				CURRENT_PROJECT_VERSION = 1;
				DEVELOPMENT_ASSET_PATHS = "\"Groceries/Preview Content\"";
				ENABLE_PREVIEWS = YES;
				GENERATE_INFOPLIST_FILE = YES;
				INFOPLIST_FILE = Groceries/Info.plist;
				INFOPLIST_KEY_UIApplicationSceneManifest_Generation = YES;
				INFOPLIST_KEY_UIApplicationSupportsIndirectInputEvents = YES;
				INFOPLIST_KEY_UILaunchScreen_Generation = YES;
				INFOPLIST_KEY_UILaunchStoryboardName = "Launch Screen.storyboard";
				INFOPLIST_KEY_UIStatusBarHidden = YES;
				INFOPLIST_KEY_UIStatusBarStyle = "";
				INFOPLIST_KEY_UISupportedInterfaceOrientations = UIInterfaceOrientationPortrait;
				IPHONEOS_DEPLOYMENT_TARGET = 14.0;
				LD_RUNPATH_SEARCH_PATHS = (
					"$(inherited)",
					"@executable_path/Frameworks",
				);
				MARKETING_VERSION = 1.0;
				PRODUCT_BUNDLE_IDENTIFIER = mathias.Groceries;
				PRODUCT_NAME = "$(TARGET_NAME)";
				SUPPORTED_PLATFORMS = "iphoneos iphonesimulator";
				SUPPORTS_MACCATALYST = NO;
				SUPPORTS_MAC_DESIGNED_FOR_IPHONE_IPAD = NO;
				SWIFT_EMIT_LOC_STRINGS = YES;
				SWIFT_VERSION = 5.0;
				TARGETED_DEVICE_FAMILY = 1;
			};
			name = Debug;
		};
		C77F03B62AE6BDB5001CA45C /* Release */ = {
			isa = XCBuildConfiguration;
			buildSettings = {
				ASSETCATALOG_COMPILER_APPICON_NAME = AppIcon;
				ASSETCATALOG_COMPILER_GLOBAL_ACCENT_COLOR_NAME = AccentColor;
				CODE_SIGN_STYLE = Automatic;
				CURRENT_PROJECT_VERSION = 1;
				DEVELOPMENT_ASSET_PATHS = "\"Groceries/Preview Content\"";
				ENABLE_PREVIEWS = YES;
				GENERATE_INFOPLIST_FILE = YES;
				INFOPLIST_FILE = Groceries/Info.plist;
				INFOPLIST_KEY_UIApplicationSceneManifest_Generation = YES;
				INFOPLIST_KEY_UIApplicationSupportsIndirectInputEvents = YES;
				INFOPLIST_KEY_UILaunchScreen_Generation = YES;
				INFOPLIST_KEY_UILaunchStoryboardName = "Launch Screen.storyboard";
				INFOPLIST_KEY_UIStatusBarHidden = YES;
				INFOPLIST_KEY_UIStatusBarStyle = "";
				INFOPLIST_KEY_UISupportedInterfaceOrientations = UIInterfaceOrientationPortrait;
				IPHONEOS_DEPLOYMENT_TARGET = 14.0;
				LD_RUNPATH_SEARCH_PATHS = (
					"$(inherited)",
					"@executable_path/Frameworks",
				);
				MARKETING_VERSION = 1.0;
				PRODUCT_BUNDLE_IDENTIFIER = mathias.Groceries;
				PRODUCT_NAME = "$(TARGET_NAME)";
				SUPPORTED_PLATFORMS = "iphoneos iphonesimulator";
				SUPPORTS_MACCATALYST = NO;
				SUPPORTS_MAC_DESIGNED_FOR_IPHONE_IPAD = NO;
				SWIFT_EMIT_LOC_STRINGS = YES;
				SWIFT_VERSION = 5.0;
				TARGETED_DEVICE_FAMILY = 1;
			};
			name = Release;
		};
		C77F03B82AE6BDB5001CA45C /* Debug */ = {
			isa = XCBuildConfiguration;
			buildSettings = {
				ALWAYS_EMBED_SWIFT_STANDARD_LIBRARIES = YES;
				BUNDLE_LOADER = "$(TEST_HOST)";
				CODE_SIGN_STYLE = Automatic;
				CURRENT_PROJECT_VERSION = 1;
				GENERATE_INFOPLIST_FILE = YES;
				IPHONEOS_DEPLOYMENT_TARGET = 17.0;
				MARKETING_VERSION = 1.0;
				PRODUCT_BUNDLE_IDENTIFIER = mathias.GroceriesTests;
				PRODUCT_NAME = "$(TARGET_NAME)";
				SWIFT_EMIT_LOC_STRINGS = NO;
				SWIFT_VERSION = 5.0;
				TARGETED_DEVICE_FAMILY = "1,2";
				TEST_HOST = "$(BUILT_PRODUCTS_DIR)/Groceries.app/$(BUNDLE_EXECUTABLE_FOLDER_PATH)/Groceries";
			};
			name = Debug;
		};
		C77F03B92AE6BDB5001CA45C /* Release */ = {
			isa = XCBuildConfiguration;
			buildSettings = {
				ALWAYS_EMBED_SWIFT_STANDARD_LIBRARIES = YES;
				BUNDLE_LOADER = "$(TEST_HOST)";
				CODE_SIGN_STYLE = Automatic;
				CURRENT_PROJECT_VERSION = 1;
				GENERATE_INFOPLIST_FILE = YES;
				IPHONEOS_DEPLOYMENT_TARGET = 17.0;
				MARKETING_VERSION = 1.0;
				PRODUCT_BUNDLE_IDENTIFIER = mathias.GroceriesTests;
				PRODUCT_NAME = "$(TARGET_NAME)";
				SWIFT_EMIT_LOC_STRINGS = NO;
				SWIFT_VERSION = 5.0;
				TARGETED_DEVICE_FAMILY = "1,2";
				TEST_HOST = "$(BUILT_PRODUCTS_DIR)/Groceries.app/$(BUNDLE_EXECUTABLE_FOLDER_PATH)/Groceries";
			};
			name = Release;
		};
		C77F03BB2AE6BDB5001CA45C /* Debug */ = {
			isa = XCBuildConfiguration;
			buildSettings = {
				ALWAYS_EMBED_SWIFT_STANDARD_LIBRARIES = YES;
				CODE_SIGN_STYLE = Automatic;
				CURRENT_PROJECT_VERSION = 1;
				GENERATE_INFOPLIST_FILE = YES;
				MARKETING_VERSION = 1.0;
				PRODUCT_BUNDLE_IDENTIFIER = mathias.GroceriesUITests;
				PRODUCT_NAME = "$(TARGET_NAME)";
				SWIFT_EMIT_LOC_STRINGS = NO;
				SWIFT_VERSION = 5.0;
				TARGETED_DEVICE_FAMILY = "1,2";
				TEST_TARGET_NAME = Groceries;
			};
			name = Debug;
		};
		C77F03BC2AE6BDB5001CA45C /* Release */ = {
			isa = XCBuildConfiguration;
			buildSettings = {
				ALWAYS_EMBED_SWIFT_STANDARD_LIBRARIES = YES;
				CODE_SIGN_STYLE = Automatic;
				CURRENT_PROJECT_VERSION = 1;
				GENERATE_INFOPLIST_FILE = YES;
				MARKETING_VERSION = 1.0;
				PRODUCT_BUNDLE_IDENTIFIER = mathias.GroceriesUITests;
				PRODUCT_NAME = "$(TARGET_NAME)";
				SWIFT_EMIT_LOC_STRINGS = NO;
				SWIFT_VERSION = 5.0;
				TARGETED_DEVICE_FAMILY = "1,2";
				TEST_TARGET_NAME = Groceries;
			};
			name = Release;
		};
/* End XCBuildConfiguration section */

/* Begin XCConfigurationList section */
		C77F038B2AE6BDB2001CA45C /* Build configuration list for PBXProject "Groceries" */ = {
			isa = XCConfigurationList;
			buildConfigurations = (
				C77F03B22AE6BDB5001CA45C /* Debug */,
				C77F03B32AE6BDB5001CA45C /* Release */,
			);
			defaultConfigurationIsVisible = 0;
			defaultConfigurationName = Release;
		};
		C77F03B42AE6BDB5001CA45C /* Build configuration list for PBXNativeTarget "Groceries" */ = {
			isa = XCConfigurationList;
			buildConfigurations = (
				C77F03B52AE6BDB5001CA45C /* Debug */,
				C77F03B62AE6BDB5001CA45C /* Release */,
			);
			defaultConfigurationIsVisible = 0;
			defaultConfigurationName = Release;
		};
		C77F03B72AE6BDB5001CA45C /* Build configuration list for PBXNativeTarget "GroceriesTests" */ = {
			isa = XCConfigurationList;
			buildConfigurations = (
				C77F03B82AE6BDB5001CA45C /* Debug */,
				C77F03B92AE6BDB5001CA45C /* Release */,
			);
			defaultConfigurationIsVisible = 0;
			defaultConfigurationName = Release;
		};
		C77F03BA2AE6BDB5001CA45C /* Build configuration list for PBXNativeTarget "GroceriesUITests" */ = {
			isa = XCConfigurationList;
			buildConfigurations = (
				C77F03BB2AE6BDB5001CA45C /* Debug */,
				C77F03BC2AE6BDB5001CA45C /* Release */,
			);
			defaultConfigurationIsVisible = 0;
			defaultConfigurationName = Release;
		};
/* End XCConfigurationList section */

/* Begin XCRemoteSwiftPackageReference section */
		C77F03D72AE6D572001CA45C /* XCRemoteSwiftPackageReference "CountryPicker" */ = {
			isa = XCRemoteSwiftPackageReference;
			repositoryURL = "https://github.com/mobven/CountryPicker.git";
			requirement = {
				kind = upToNextMajorVersion;
				minimumVersion = 2.0.3;
			};
		};
/* End XCRemoteSwiftPackageReference section */

/* Begin XCSwiftPackageProductDependency section */
		C77F03D82AE6D572001CA45C /* CountryPicker */ = {
			isa = XCSwiftPackageProductDependency;
			package = C77F03D72AE6D572001CA45C /* XCRemoteSwiftPackageReference "CountryPicker" */;
			productName = CountryPicker;
		};
/* End XCSwiftPackageProductDependency section */
	};
	rootObject = C77F03882AE6BDB2001CA45C /* Project object */;
}
